
Microsoft Visual Studio Solution File, Format Version 12.00
# Visual Studio Version 16
VisualStudioVersion = 16.0.31729.503
MinimumVisualStudioVersion = 10.0.40219.1
Project("{9A19103F-16F7-4668-BE54-9A1E7A4F7556}") = "MySolution.Data", "..\MySolution\MySolution.Data\MySolution.Data.csproj", "{911DCAA0-2B43-4496-8940-56411CF025C5}"
EndProject
Project("{9A19103F-16F7-4668-BE54-9A1E7A4F7556}") = "MySolution.Domain", "..\MySolution\MySolution.Domain\MySolution.Domain.csproj", "{D54591EA-9EA5-428E-AF5D-80047E53E81B}"
EndProject
Project("{FAE04EC0-301F-11D3-BF4B-00C04F79EFBC}") = "SamuraiAPI2", "SamuraiAPI2\SamuraiAPI2.csproj", "{88B3FCD6-EBBB-49ED-A1A6-89573606566F}"
EndProject
Global
	GlobalSection(SolutionConfigurationPlatforms) = preSolution
		Debug|Any CPU = Debug|Any CPU
		Release|Any CPU = Release|Any CPU
	EndGlobalSection
	GlobalSection(ProjectConfigurationPlatforms) = postSolution
		{911DCAA0-2B43-4496-8940-56411CF025C5}.Debug|Any CPU.ActiveCfg = Debug|Any CPU
		{911DCAA0-2B43-4496-8940-56411CF025C5}.Debug|Any CPU.Build.0 = Debug|Any CPU
		{911DCAA0-2B43-4496-8940-56411CF025C5}.Release|Any CPU.ActiveCfg = Release|Any CPU
		{911DCAA0-2B43-4496-8940-56411CF025C5}.Release|Any CPU.Build.0 = Release|Any CPU
		{D54591EA-9EA5-428E-AF5D-80047E53E81B}.Debug|Any CPU.ActiveCfg = Debug|Any CPU
		{D54591EA-9EA5-428E-AF5D-80047E53E81B}.Debug|Any CPU.Build.0 = Debug|Any CPU
		{D54591EA-9EA5-428E-AF5D-80047E53E81B}.Release|Any CPU.ActiveCfg = Release|Any CPU
		{D54591EA-9EA5-428E-AF5D-80047E53E81B}.Release|Any CPU.Build.0 = Release|Any CPU
		{88B3FCD6-EBBB-49ED-A1A6-89573606566F}.Debug|Any CPU.ActiveCfg = Debug|Any CPU
		{88B3FCD6-EBBB-49ED-A1A6-89573606566F}.Debug|Any CPU.Build.0 = Debug|Any CPU
		{88B3FCD6-EBBB-49ED-A1A6-89573606566F}.Release|Any CPU.ActiveCfg = Release|Any CPU
		{88B3FCD6-EBBB-49ED-A1A6-89573606566F}.Release|Any CPU.Build.0 = Release|Any CPU
	EndGlobalSection
	GlobalSection(SolutionProperties) = preSolution
		HideSolutionNode = FALSE
	EndGlobalSection
	GlobalSection(ExtensibilityGlobals) = postSolution
		SolutionGuid = {E01A32AE-CE77-490F-AF80-86C35F398404}
	EndGlobalSection
EndGlobal
